
Microsoft Visual Studio Solution File, Format Version 12.00
# Visual Studio Version 17
VisualStudioVersion = 17.4.33205.214
MinimumVisualStudioVersion = 10.0.40219.1
Project("{FAE04EC0-301F-11D3-BF4B-00C04F79EFBC}") = "WatchShop", "WatchSHop\WatchShop.csproj", "{82153324-B5CE-494B-8EE8-E8D73868D697}"
EndProject
Global
	GlobalSection(SolutionConfigurationPlatforms) = preSolution
		Debug|Any CPU = Debug|Any CPU
		Release|Any CPU = Release|Any CPU
	EndGlobalSection
	GlobalSection(ProjectConfigurationPlatforms) = postSolution
		{82153324-B5CE-494B-8EE8-E8D73868D697}.Debug|Any CPU.ActiveCfg = Debug|Any CPU
		{82153324-B5CE-494B-8EE8-E8D73868D697}.Debug|Any CPU.Build.0 = Debug|Any CPU
		{82153324-B5CE-494B-8EE8-E8D73868D697}.Release|Any CPU.ActiveCfg = Release|Any CPU
		{82153324-B5CE-494B-8EE8-E8D73868D697}.Release|Any CPU.Build.0 = Release|Any CPU
	EndGlobalSection
	GlobalSection(SolutionProperties) = preSolution
		HideSolutionNode = FALSE
	EndGlobalSection
	GlobalSection(ExtensibilityGlobals) = postSolution
		SolutionGuid = {9364303D-EF02-462B-8A3A-995EB7A6A232}
	EndGlobalSection
EndGlobal
